// !$*UTF8*$!
{
	archiveVersion = 1;
	classes = {
	};
	objectVersion = 50;
	objects = {

/* Begin PBXBuildFile section */
		961CFE5C20A9CD8B005737AC /* AppDelegate.m in Sources */ = {isa = PBXBuildFile; fileRef = 961CFE5B20A9CD8B005737AC /* AppDelegate.m */; };
		961CFE5F20A9CD8B005737AC /* ViewController.m in Sources */ = {isa = PBXBuildFile; fileRef = 961CFE5E20A9CD8B005737AC /* ViewController.m */; };
		961CFE6220A9CD8B005737AC /* Main.storyboard in Resources */ = {isa = PBXBuildFile; fileRef = 961CFE6020A9CD8B005737AC /* Main.storyboard */; };
		961CFE6420A9CD8C005737AC /* Assets.xcassets in Resources */ = {isa = PBXBuildFile; fileRef = 961CFE6320A9CD8C005737AC /* Assets.xcassets */; };
		961CFE6720A9CD8C005737AC /* LaunchScreen.storyboard in Resources */ = {isa = PBXBuildFile; fileRef = 961CFE6520A9CD8C005737AC /* LaunchScreen.storyboard */; };
		961CFE6A20A9CD8C005737AC /* main.m in Sources */ = {isa = PBXBuildFile; fileRef = 961CFE6920A9CD8C005737AC /* main.m */; };
		961CFE9220A9CDD4005737AC /* NSObject+XLGExtension.m in Sources */ = {isa = PBXBuildFile; fileRef = 961CFE7620A9CDD4005737AC /* NSObject+XLGExtension.m */; };
		961CFE9320A9CDD4005737AC /* NSArray+XLGExtension.m in Sources */ = {isa = PBXBuildFile; fileRef = 961CFE7920A9CDD4005737AC /* NSArray+XLGExtension.m */; };
		961CFE9420A9CDD4005737AC /* NSString+XLGExtension.m in Sources */ = {isa = PBXBuildFile; fileRef = 961CFE7A20A9CDD4005737AC /* NSString+XLGExtension.m */; };
		961CFE9520A9CDD4005737AC /* NSDate+XLGExtension.m in Sources */ = {isa = PBXBuildFile; fileRef = 961CFE7B20A9CDD4005737AC /* NSDate+XLGExtension.m */; };
		961CFE9620A9CDD4005737AC /* NSDictionary+XLGExtension.m in Sources */ = {isa = PBXBuildFile; fileRef = 961CFE7C20A9CDD4005737AC /* NSDictionary+XLGExtension.m */; };
		961CFE9720A9CDD4005737AC /* NSTimer+XLGEocBlockSupports.m in Sources */ = {isa = PBXBuildFile; fileRef = 961CFE7E20A9CDD4005737AC /* NSTimer+XLGEocBlockSupports.m */; };
		961CFE9820A9CDD4005737AC /* NSNumber+XLGExtension.m in Sources */ = {isa = PBXBuildFile; fileRef = 961CFE7F20A9CDD4005737AC /* NSNumber+XLGExtension.m */; };
		961CFE9920A9CDD4005737AC /* UIColor+XLGExtension.m in Sources */ = {isa = PBXBuildFile; fileRef = 961CFE8220A9CDD4005737AC /* UIColor+XLGExtension.m */; };
		961CFE9A20A9CDD4005737AC /* UIAlertController+XLGBlocks.m in Sources */ = {isa = PBXBuildFile; fileRef = 961CFE8320A9CDD4005737AC /* UIAlertController+XLGBlocks.m */; };
		961CFE9B20A9CDD4005737AC /* UIDevice+XLGExtension.m in Sources */ = {isa = PBXBuildFile; fileRef = 961CFE8420A9CDD4005737AC /* UIDevice+XLGExtension.m */; };
		961CFE9C20A9CDD4005737AC /* UIView+XLGExtension.m in Sources */ = {isa = PBXBuildFile; fileRef = 961CFE8720A9CDD4005737AC /* UIView+XLGExtension.m */; };
		961CFE9D20A9CDD4005737AC /* UITabBar+XLGExtension.m in Sources */ = {isa = PBXBuildFile; fileRef = 961CFE8820A9CDD4005737AC /* UITabBar+XLGExtension.m */; };
		961CFE9E20A9CDD4005737AC /* UILabel+XLGExtension.m in Sources */ = {isa = PBXBuildFile; fileRef = 961CFE8C20A9CDD4005737AC /* UILabel+XLGExtension.m */; };
		961CFE9F20A9CDD4005737AC /* UIImage+XLGExtension.m in Sources */ = {isa = PBXBuildFile; fileRef = 961CFE8D20A9CDD4005737AC /* UIImage+XLGExtension.m */; };
		961CFEA020A9CDD4005737AC /* UIApplication+XLGExtension.m in Sources */ = {isa = PBXBuildFile; fileRef = 961CFE8F20A9CDD4005737AC /* UIApplication+XLGExtension.m */; };
		A0862B4A20DCE71D001E1AAF /* NSData+XLGExtension.m in Sources */ = {isa = PBXBuildFile; fileRef = A0862B4920DCE71D001E1AAF /* NSData+XLGExtension.m */; };
		A0AE787F20E4669400F971D8 /* UIBarButtonItem+XLGExtension.m in Sources */ = {isa = PBXBuildFile; fileRef = A0AE787E20E4669400F971D8 /* UIBarButtonItem+XLGExtension.m */; };
		A0AE788220E4678000F971D8 /* UIButton+XLGExtension.m in Sources */ = {isa = PBXBuildFile; fileRef = A0AE788120E4678000F971D8 /* UIButton+XLGExtension.m */; };
/* End PBXBuildFile section */

/* Begin PBXFileReference section */
		961CFE5720A9CD8B005737AC /* XLGCategoryDemo.app */ = {isa = PBXFileReference; explicitFileType = wrapper.application; includeInIndex = 0; path = XLGCategoryDemo.app; sourceTree = BUILT_PRODUCTS_DIR; };
		961CFE5A20A9CD8B005737AC /* AppDelegate.h */ = {isa = PBXFileReference; lastKnownFileType = sourcecode.c.h; path = AppDelegate.h; sourceTree = "<group>"; };
		961CFE5B20A9CD8B005737AC /* AppDelegate.m */ = {isa = PBXFileReference; lastKnownFileType = sourcecode.c.objc; path = AppDelegate.m; sourceTree = "<group>"; };
		961CFE5D20A9CD8B005737AC /* ViewController.h */ = {isa = PBXFileReference; lastKnownFileType = sourcecode.c.h; path = ViewController.h; sourceTree = "<group>"; };
		961CFE5E20A9CD8B005737AC /* ViewController.m */ = {isa = PBXFileReference; lastKnownFileType = sourcecode.c.objc; path = ViewController.m; sourceTree = "<group>"; };
		961CFE6120A9CD8B005737AC /* Base */ = {isa = PBXFileReference; lastKnownFileType = file.storyboard; name = Base; path = Base.lproj/Main.storyboard; sourceTree = "<group>"; };
		961CFE6320A9CD8C005737AC /* Assets.xcassets */ = {isa = PBXFileReference; lastKnownFileType = folder.assetcatalog; path = Assets.xcassets; sourceTree = "<group>"; };
		961CFE6620A9CD8C005737AC /* Base */ = {isa = PBXFileReference; lastKnownFileType = file.storyboard; name = Base; path = Base.lproj/LaunchScreen.storyboard; sourceTree = "<group>"; };
		961CFE6820A9CD8C005737AC /* Info.plist */ = {isa = PBXFileReference; lastKnownFileType = text.plist.xml; path = Info.plist; sourceTree = "<group>"; };
		961CFE6920A9CD8C005737AC /* main.m */ = {isa = PBXFileReference; lastKnownFileType = sourcecode.c.objc; path = main.m; sourceTree = "<group>"; };
		961CFE7220A9CDD4005737AC /* NSArray+XLGExtension.h */ = {isa = PBXFileReference; fileEncoding = 4; lastKnownFileType = sourcecode.c.h; path = "NSArray+XLGExtension.h"; sourceTree = "<group>"; };
		961CFE7320A9CDD4005737AC /* NSDate+XLGExtension.h */ = {isa = PBXFileReference; fileEncoding = 4; lastKnownFileType = sourcecode.c.h; path = "NSDate+XLGExtension.h"; sourceTree = "<group>"; };
		961CFE7420A9CDD4005737AC /* NSString+XLGExtension.h */ = {isa = PBXFileReference; fileEncoding = 4; lastKnownFileType = sourcecode.c.h; path = "NSString+XLGExtension.h"; sourceTree = "<group>"; };
		961CFE7520A9CDD4005737AC /* NSTimer+XLGEocBlockSupports.h */ = {isa = PBXFileReference; fileEncoding = 4; lastKnownFileType = sourcecode.c.h; path = "NSTimer+XLGEocBlockSupports.h"; sourceTree = "<group>"; };
		961CFE7620A9CDD4005737AC /* NSObject+XLGExtension.m */ = {isa = PBXFileReference; fileEncoding = 4; lastKnownFileType = sourcecode.c.objc; path = "NSObject+XLGExtension.m"; sourceTree = "<group>"; };
		961CFE7720A9CDD4005737AC /* NSDictionary+XLGExtension.h */ = {isa = PBXFileReference; fileEncoding = 4; lastKnownFileType = sourcecode.c.h; path = "NSDictionary+XLGExtension.h"; sourceTree = "<group>"; };
		961CFE7820A9CDD4005737AC /* NSNumber+XLGExtension.h */ = {isa = PBXFileReference; fileEncoding = 4; lastKnownFileType = sourcecode.c.h; path = "NSNumber+XLGExtension.h"; sourceTree = "<group>"; };
		961CFE7920A9CDD4005737AC /* NSArray+XLGExtension.m */ = {isa = PBXFileReference; fileEncoding = 4; lastKnownFileType = sourcecode.c.objc; path = "NSArray+XLGExtension.m"; sourceTree = "<group>"; };
		961CFE7A20A9CDD4005737AC /* NSString+XLGExtension.m */ = {isa = PBXFileReference; fileEncoding = 4; lastKnownFileType = sourcecode.c.objc; path = "NSString+XLGExtension.m"; sourceTree = "<group>"; };
		961CFE7B20A9CDD4005737AC /* NSDate+XLGExtension.m */ = {isa = PBXFileReference; fileEncoding = 4; lastKnownFileType = sourcecode.c.objc; path = "NSDate+XLGExtension.m"; sourceTree = "<group>"; };
		961CFE7C20A9CDD4005737AC /* NSDictionary+XLGExtension.m */ = {isa = PBXFileReference; fileEncoding = 4; lastKnownFileType = sourcecode.c.objc; path = "NSDictionary+XLGExtension.m"; sourceTree = "<group>"; };
		961CFE7D20A9CDD4005737AC /* NSObject+XLGExtension.h */ = {isa = PBXFileReference; fileEncoding = 4; lastKnownFileType = sourcecode.c.h; path = "NSObject+XLGExtension.h"; sourceTree = "<group>"; };
		961CFE7E20A9CDD4005737AC /* NSTimer+XLGEocBlockSupports.m */ = {isa = PBXFileReference; fileEncoding = 4; lastKnownFileType = sourcecode.c.objc; path = "NSTimer+XLGEocBlockSupports.m"; sourceTree = "<group>"; };
		961CFE7F20A9CDD4005737AC /* NSNumber+XLGExtension.m */ = {isa = PBXFileReference; fileEncoding = 4; lastKnownFileType = sourcecode.c.objc; path = "NSNumber+XLGExtension.m"; sourceTree = "<group>"; };
		961CFE8020A9CDD4005737AC /* XLGCategory.h */ = {isa = PBXFileReference; fileEncoding = 4; lastKnownFileType = sourcecode.c.h; path = XLGCategory.h; sourceTree = "<group>"; };
		961CFE8220A9CDD4005737AC /* UIColor+XLGExtension.m */ = {isa = PBXFileReference; fileEncoding = 4; lastKnownFileType = sourcecode.c.objc; path = "UIColor+XLGExtension.m"; sourceTree = "<group>"; };
		961CFE8320A9CDD4005737AC /* UIAlertController+XLGBlocks.m */ = {isa = PBXFileReference; fileEncoding = 4; lastKnownFileType = sourcecode.c.objc; path = "UIAlertController+XLGBlocks.m"; sourceTree = "<group>"; };
		961CFE8420A9CDD4005737AC /* UIDevice+XLGExtension.m */ = {isa = PBXFileReference; fileEncoding = 4; lastKnownFileType = sourcecode.c.objc; path = "UIDevice+XLGExtension.m"; sourceTree = "<group>"; };
		961CFE8520A9CDD4005737AC /* UIImage+XLGExtension.h */ = {isa = PBXFileReference; fileEncoding = 4; lastKnownFileType = sourcecode.c.h; path = "UIImage+XLGExtension.h"; sourceTree = "<group>"; };
		961CFE8620A9CDD4005737AC /* UILabel+XLGExtension.h */ = {isa = PBXFileReference; fileEncoding = 4; lastKnownFileType = sourcecode.c.h; path = "UILabel+XLGExtension.h"; sourceTree = "<group>"; };
		961CFE8720A9CDD4005737AC /* UIView+XLGExtension.m */ = {isa = PBXFileReference; fileEncoding = 4; lastKnownFileType = sourcecode.c.objc; path = "UIView+XLGExtension.m"; sourceTree = "<group>"; };
		961CFE8820A9CDD4005737AC /* UITabBar+XLGExtension.m */ = {isa = PBXFileReference; fileEncoding = 4; lastKnownFileType = sourcecode.c.objc; path = "UITabBar+XLGExtension.m"; sourceTree = "<group>"; };
		961CFE8920A9CDD4005737AC /* UIApplication+XLGExtension.h */ = {isa = PBXFileReference; fileEncoding = 4; lastKnownFileType = sourcecode.c.h; path = "UIApplication+XLGExtension.h"; sourceTree = "<group>"; };
		961CFE8A20A9CDD4005737AC /* UIAlertController+XLGBlocks.h */ = {isa = PBXFileReference; fileEncoding = 4; lastKnownFileType = sourcecode.c.h; path = "UIAlertController+XLGBlocks.h"; sourceTree = "<group>"; };
		961CFE8B20A9CDD4005737AC /* UIColor+XLGExtension.h */ = {isa = PBXFileReference; fileEncoding = 4; lastKnownFileType = sourcecode.c.h; path = "UIColor+XLGExtension.h"; sourceTree = "<group>"; };
		961CFE8C20A9CDD4005737AC /* UILabel+XLGExtension.m */ = {isa = PBXFileReference; fileEncoding = 4; lastKnownFileType = sourcecode.c.objc; path = "UILabel+XLGExtension.m"; sourceTree = "<group>"; };
		961CFE8D20A9CDD4005737AC /* UIImage+XLGExtension.m */ = {isa = PBXFileReference; fileEncoding = 4; lastKnownFileType = sourcecode.c.objc; path = "UIImage+XLGExtension.m"; sourceTree = "<group>"; };
		961CFE8E20A9CDD4005737AC /* UIDevice+XLGExtension.h */ = {isa = PBXFileReference; fileEncoding = 4; lastKnownFileType = sourcecode.c.h; path = "UIDevice+XLGExtension.h"; sourceTree = "<group>"; };
		961CFE8F20A9CDD4005737AC /* UIApplication+XLGExtension.m */ = {isa = PBXFileReference; fileEncoding = 4; lastKnownFileType = sourcecode.c.objc; path = "UIApplication+XLGExtension.m"; sourceTree = "<group>"; };
		961CFE9020A9CDD4005737AC /* UITabBar+XLGExtension.h */ = {isa = PBXFileReference; fileEncoding = 4; lastKnownFileType = sourcecode.c.h; path = "UITabBar+XLGExtension.h"; sourceTree = "<group>"; };
		961CFE9120A9CDD4005737AC /* UIView+XLGExtension.h */ = {isa = PBXFileReference; fileEncoding = 4; lastKnownFileType = sourcecode.c.h; path = "UIView+XLGExtension.h"; sourceTree = "<group>"; };
		A0862B4820DCE71D001E1AAF /* NSData+XLGExtension.h */ = {isa = PBXFileReference; lastKnownFileType = sourcecode.c.h; path = "NSData+XLGExtension.h"; sourceTree = "<group>"; };
		A0862B4920DCE71D001E1AAF /* NSData+XLGExtension.m */ = {isa = PBXFileReference; lastKnownFileType = sourcecode.c.objc; path = "NSData+XLGExtension.m"; sourceTree = "<group>"; };
		A0AE787D20E4669400F971D8 /* UIBarButtonItem+XLGExtension.h */ = {isa = PBXFileReference; lastKnownFileType = sourcecode.c.h; path = "UIBarButtonItem+XLGExtension.h"; sourceTree = "<group>"; };
		A0AE787E20E4669400F971D8 /* UIBarButtonItem+XLGExtension.m */ = {isa = PBXFileReference; lastKnownFileType = sourcecode.c.objc; path = "UIBarButtonItem+XLGExtension.m"; sourceTree = "<group>"; };
		A0AE788020E4678000F971D8 /* UIButton+XLGExtension.h */ = {isa = PBXFileReference; lastKnownFileType = sourcecode.c.h; path = "UIButton+XLGExtension.h"; sourceTree = "<group>"; };
		A0AE788120E4678000F971D8 /* UIButton+XLGExtension.m */ = {isa = PBXFileReference; lastKnownFileType = sourcecode.c.objc; path = "UIButton+XLGExtension.m"; sourceTree = "<group>"; };
/* End PBXFileReference section */

/* Begin PBXFrameworksBuildPhase section */
		961CFE5420A9CD8B005737AC /* Frameworks */ = {
			isa = PBXFrameworksBuildPhase;
			buildActionMask = 2147483647;
			files = (
			);
			runOnlyForDeploymentPostprocessing = 0;
		};
/* End PBXFrameworksBuildPhase section */

/* Begin PBXGroup section */
		961CFE4E20A9CD8B005737AC = {
			isa = PBXGroup;
			children = (
				961CFE5920A9CD8B005737AC /* XLGCategoryDemo */,
				961CFE5820A9CD8B005737AC /* Products */,
				A0644CCE20BBA8AB001F97AB /* Frameworks */,
			);
			sourceTree = "<group>";
		};
		961CFE5820A9CD8B005737AC /* Products */ = {
			isa = PBXGroup;
			children = (
				961CFE5720A9CD8B005737AC /* XLGCategoryDemo.app */,
			);
			name = Products;
			sourceTree = "<group>";
		};
		961CFE5920A9CD8B005737AC /* XLGCategoryDemo */ = {
			isa = PBXGroup;
			children = (
				961CFE7020A9CDD4005737AC /* XLGCategory */,
				961CFEA420A9CE04005737AC /* Supporting Files */,
				961CFEA220A9CDF6005737AC /* Classes */,
			);
			path = XLGCategoryDemo;
			sourceTree = "<group>";
		};
		961CFE7020A9CDD4005737AC /* XLGCategory */ = {
			isa = PBXGroup;
			children = (
				961CFE8020A9CDD4005737AC /* XLGCategory.h */,
				961CFE7120A9CDD4005737AC /* NSCategory */,
				961CFE8120A9CDD4005737AC /* UICategory */,
			);
			path = XLGCategory;
			sourceTree = SOURCE_ROOT;
		};
		961CFE7120A9CDD4005737AC /* NSCategory */ = {
			isa = PBXGroup;
			children = (
				961CFE7D20A9CDD4005737AC /* NSObject+XLGExtension.h */,
				961CFE7620A9CDD4005737AC /* NSObject+XLGExtension.m */,
				961CFE7420A9CDD4005737AC /* NSString+XLGExtension.h */,
				961CFE7A20A9CDD4005737AC /* NSString+XLGExtension.m */,
				961CFE7820A9CDD4005737AC /* NSNumber+XLGExtension.h */,
				961CFE7F20A9CDD4005737AC /* NSNumber+XLGExtension.m */,
				961CFE7220A9CDD4005737AC /* NSArray+XLGExtension.h */,
				961CFE7920A9CDD4005737AC /* NSArray+XLGExtension.m */,
				961CFE7720A9CDD4005737AC /* NSDictionary+XLGExtension.h */,
				961CFE7C20A9CDD4005737AC /* NSDictionary+XLGExtension.m */,
				961CFE7320A9CDD4005737AC /* NSDate+XLGExtension.h */,
				961CFE7B20A9CDD4005737AC /* NSDate+XLGExtension.m */,
				A0862B4820DCE71D001E1AAF /* NSData+XLGExtension.h */,
				A0862B4920DCE71D001E1AAF /* NSData+XLGExtension.m */,
				961CFE7520A9CDD4005737AC /* NSTimer+XLGEocBlockSupports.h */,
				961CFE7E20A9CDD4005737AC /* NSTimer+XLGEocBlockSupports.m */,
			);
			path = NSCategory;
			sourceTree = "<group>";
		};
		961CFE8120A9CDD4005737AC /* UICategory */ = {
			isa = PBXGroup;
			children = (
				961CFE9120A9CDD4005737AC /* UIView+XLGExtension.h */,
				961CFE8720A9CDD4005737AC /* UIView+XLGExtension.m */,
				961CFE8B20A9CDD4005737AC /* UIColor+XLGExtension.h */,
				961CFE8220A9CDD4005737AC /* UIColor+XLGExtension.m */,
				961CFE8620A9CDD4005737AC /* UILabel+XLGExtension.h */,
				961CFE8C20A9CDD4005737AC /* UILabel+XLGExtension.m */,
				961CFE8520A9CDD4005737AC /* UIImage+XLGExtension.h */,
				961CFE8D20A9CDD4005737AC /* UIImage+XLGExtension.m */,
				A0AE788020E4678000F971D8 /* UIButton+XLGExtension.h */,
				A0AE788120E4678000F971D8 /* UIButton+XLGExtension.m */,
				961CFE9020A9CDD4005737AC /* UITabBar+XLGExtension.h */,
				961CFE8820A9CDD4005737AC /* UITabBar+XLGExtension.m */,
				A0AE787D20E4669400F971D8 /* UIBarButtonItem+XLGExtension.h */,
				A0AE787E20E4669400F971D8 /* UIBarButtonItem+XLGExtension.m */,
				961CFE8E20A9CDD4005737AC /* UIDevice+XLGExtension.h */,
				961CFE8420A9CDD4005737AC /* UIDevice+XLGExtension.m */,
				961CFE8920A9CDD4005737AC /* UIApplication+XLGExtension.h */,
				961CFE8F20A9CDD4005737AC /* UIApplication+XLGExtension.m */,
				961CFE8A20A9CDD4005737AC /* UIAlertController+XLGBlocks.h */,
				961CFE8320A9CDD4005737AC /* UIAlertController+XLGBlocks.m */,
			);
			path = UICategory;
			sourceTree = "<group>";
		};
		961CFEA220A9CDF6005737AC /* Classes */ = {
			isa = PBXGroup;
			children = (
				961CFE5A20A9CD8B005737AC /* AppDelegate.h */,
				961CFE5B20A9CD8B005737AC /* AppDelegate.m */,
				961CFE5D20A9CD8B005737AC /* ViewController.h */,
				961CFE5E20A9CD8B005737AC /* ViewController.m */,
			);
			name = Classes;
			sourceTree = "<group>";
		};
		961CFEA420A9CE04005737AC /* Supporting Files */ = {
			isa = PBXGroup;
			children = (
				961CFE6020A9CD8B005737AC /* Main.storyboard */,
				961CFE6320A9CD8C005737AC /* Assets.xcassets */,
				961CFE6520A9CD8C005737AC /* LaunchScreen.storyboard */,
				961CFE6820A9CD8C005737AC /* Info.plist */,
				961CFE6920A9CD8C005737AC /* main.m */,
			);
			name = "Supporting Files";
			sourceTree = "<group>";
		};
		A0644CCE20BBA8AB001F97AB /* Frameworks */ = {
			isa = PBXGroup;
			children = (
			);
			name = Frameworks;
			sourceTree = "<group>";
		};
/* End PBXGroup section */

/* Begin PBXNativeTarget section */
		961CFE5620A9CD8B005737AC /* XLGCategoryDemo */ = {
			isa = PBXNativeTarget;
			buildConfigurationList = 961CFE6D20A9CD8C005737AC /* Build configuration list for PBXNativeTarget "XLGCategoryDemo" */;
			buildPhases = (
				961CFE5320A9CD8B005737AC /* Sources */,
				961CFE5420A9CD8B005737AC /* Frameworks */,
				961CFE5520A9CD8B005737AC /* Resources */,
			);
			buildRules = (
			);
			dependencies = (
			);
			name = XLGCategoryDemo;
			productName = XLGCategoryDemo;
			productReference = 961CFE5720A9CD8B005737AC /* XLGCategoryDemo.app */;
			productType = "com.apple.product-type.application";
		};
/* End PBXNativeTarget section */

/* Begin PBXProject section */
		961CFE4F20A9CD8B005737AC /* Project object */ = {
			isa = PBXProject;
			attributes = {
				CLASSPREFIX = XLG;
				LastUpgradeCheck = 0930;
				ORGANIZATIONNAME = "小灵狗出行";
				TargetAttributes = {
					961CFE5620A9CD8B005737AC = {
						CreatedOnToolsVersion = 9.3;
					};
				};
			};
			buildConfigurationList = 961CFE5220A9CD8B005737AC /* Build configuration list for PBXProject "XLGCategoryDemo" */;
			compatibilityVersion = "Xcode 9.3";
			developmentRegion = en;
			hasScannedForEncodings = 0;
			knownRegions = (
				en,
				Base,
			);
			mainGroup = 961CFE4E20A9CD8B005737AC;
			productRefGroup = 961CFE5820A9CD8B005737AC /* Products */;
			projectDirPath = "";
			projectRoot = "";
			targets = (
				961CFE5620A9CD8B005737AC /* XLGCategoryDemo */,
			);
		};
/* End PBXProject section */

/* Begin PBXResourcesBuildPhase section */
		961CFE5520A9CD8B005737AC /* Resources */ = {
			isa = PBXResourcesBuildPhase;
			buildActionMask = 2147483647;
			files = (
				961CFE6720A9CD8C005737AC /* LaunchScreen.storyboard in Resources */,
				961CFE6420A9CD8C005737AC /* Assets.xcassets in Resources */,
				961CFE6220A9CD8B005737AC /* Main.storyboard in Resources */,
			);
			runOnlyForDeploymentPostprocessing = 0;
		};
/* End PBXResourcesBuildPhase section */

/* Begin PBXSourcesBuildPhase section */
		961CFE5320A9CD8B005737AC /* Sources */ = {
			isa = PBXSourcesBuildPhase;
			buildActionMask = 2147483647;
			files = (
				961CFE9920A9CDD4005737AC /* UIColor+XLGExtension.m in Sources */,
				961CFE9720A9CDD4005737AC /* NSTimer+XLGEocBlockSupports.m in Sources */,
				961CFE5F20A9CD8B005737AC /* ViewController.m in Sources */,
				961CFE9320A9CDD4005737AC /* NSArray+XLGExtension.m in Sources */,
				961CFEA020A9CDD4005737AC /* UIApplication+XLGExtension.m in Sources */,
				961CFE6A20A9CD8C005737AC /* main.m in Sources */,
				961CFE5C20A9CD8B005737AC /* AppDelegate.m in Sources */,
				961CFE9C20A9CDD4005737AC /* UIView+XLGExtension.m in Sources */,
				961CFE9820A9CDD4005737AC /* NSNumber+XLGExtension.m in Sources */,
				A0AE788220E4678000F971D8 /* UIButton+XLGExtension.m in Sources */,
				961CFE9E20A9CDD4005737AC /* UILabel+XLGExtension.m in Sources */,
				961CFE9B20A9CDD4005737AC /* UIDevice+XLGExtension.m in Sources */,
				961CFE9220A9CDD4005737AC /* NSObject+XLGExtension.m in Sources */,
				A0862B4A20DCE71D001E1AAF /* NSData+XLGExtension.m in Sources */,
				961CFE9F20A9CDD4005737AC /* UIImage+XLGExtension.m in Sources */,
				A0AE787F20E4669400F971D8 /* UIBarButtonItem+XLGExtension.m in Sources */,
				961CFE9A20A9CDD4005737AC /* UIAlertController+XLGBlocks.m in Sources */,
				961CFE9520A9CDD4005737AC /* NSDate+XLGExtension.m in Sources */,
				961CFE9620A9CDD4005737AC /* NSDictionary+XLGExtension.m in Sources */,
				961CFE9D20A9CDD4005737AC /* UITabBar+XLGExtension.m in Sources */,
				961CFE9420A9CDD4005737AC /* NSString+XLGExtension.m in Sources */,
			);
			runOnlyForDeploymentPostprocessing = 0;
		};
/* End PBXSourcesBuildPhase section */

/* Begin PBXVariantGroup section */
		961CFE6020A9CD8B005737AC /* Main.storyboard */ = {
			isa = PBXVariantGroup;
			children = (
				961CFE6120A9CD8B005737AC /* Base */,
			);
			name = Main.storyboard;
			sourceTree = "<group>";
		};
		961CFE6520A9CD8C005737AC /* LaunchScreen.storyboard */ = {
			isa = PBXVariantGroup;
			children = (
				961CFE6620A9CD8C005737AC /* Base */,
			);
			name = LaunchScreen.storyboard;
			sourceTree = "<group>";
		};
/* End PBXVariantGroup section */

/* Begin XCBuildConfiguration section */
		961CFE6B20A9CD8C005737AC /* Debug */ = {
			isa = XCBuildConfiguration;
			buildSettings = {
				ALWAYS_SEARCH_USER_PATHS = NO;
				CLANG_ANALYZER_NONNULL = YES;
				CLANG_ANALYZER_NUMBER_OBJECT_CONVERSION = YES_AGGRESSIVE;
				CLANG_CXX_LANGUAGE_STANDARD = "gnu++14";
				CLANG_CXX_LIBRARY = "libc++";
				CLANG_ENABLE_MODULES = YES;
				CLANG_ENABLE_OBJC_ARC = YES;
				CLANG_ENABLE_OBJC_WEAK = YES;
				CLANG_WARN_BLOCK_CAPTURE_AUTORELEASING = YES;
				CLANG_WARN_BOOL_CONVERSION = YES;
				CLANG_WARN_COMMA = YES;
				CLANG_WARN_CONSTANT_CONVERSION = YES;
				CLANG_WARN_DEPRECATED_OBJC_IMPLEMENTATIONS = YES;
				CLANG_WARN_DIRECT_OBJC_ISA_USAGE = YES_ERROR;
				CLANG_WARN_DOCUMENTATION_COMMENTS = YES;
				CLANG_WARN_EMPTY_BODY = YES;
				CLANG_WARN_ENUM_CONVERSION = YES;
				CLANG_WARN_INFINITE_RECURSION = YES;
				CLANG_WARN_INT_CONVERSION = YES;
				CLANG_WARN_NON_LITERAL_NULL_CONVERSION = YES;
				CLANG_WARN_OBJC_IMPLICIT_RETAIN_SELF = YES;
				CLANG_WARN_OBJC_LITERAL_CONVERSION = YES;
				CLANG_WARN_OBJC_ROOT_CLASS = YES_ERROR;
				CLANG_WARN_RANGE_LOOP_ANALYSIS = YES;
				CLANG_WARN_STRICT_PROTOTYPES = YES;
				CLANG_WARN_SUSPICIOUS_MOVE = YES;
				CLANG_WARN_UNGUARDED_AVAILABILITY = YES_AGGRESSIVE;
				CLANG_WARN_UNREACHABLE_CODE = YES;
				CLANG_WARN__DUPLICATE_METHOD_MATCH = YES;
				CODE_SIGN_IDENTITY = "iPhone Developer";
				COPY_PHASE_STRIP = NO;
				DEBUG_INFORMATION_FORMAT = dwarf;
				ENABLE_STRICT_OBJC_MSGSEND = YES;
				ENABLE_TESTABILITY = YES;
				GCC_C_LANGUAGE_STANDARD = gnu11;
				GCC_DYNAMIC_NO_PIC = NO;
				GCC_NO_COMMON_BLOCKS = YES;
				GCC_OPTIMIZATION_LEVEL = 0;
				GCC_PREPROCESSOR_DEFINITIONS = (
					"DEBUG=1",
					"$(inherited)",
				);
				GCC_WARN_64_TO_32_BIT_CONVERSION = YES;
				GCC_WARN_ABOUT_RETURN_TYPE = YES_ERROR;
				GCC_WARN_UNDECLARED_SELECTOR = YES;
				GCC_WARN_UNINITIALIZED_AUTOS = YES_AGGRESSIVE;
				GCC_WARN_UNUSED_FUNCTION = YES;
				GCC_WARN_UNUSED_VARIABLE = YES;
				IPHONEOS_DEPLOYMENT_TARGET = 11.3;
				MTL_ENABLE_DEBUG_INFO = YES;
				ONLY_ACTIVE_ARCH = YES;
				SDKROOT = iphoneos;
			};
			name = Debug;
		};
		961CFE6C20A9CD8C005737AC /* Release */ = {
			isa = XCBuildConfiguration;
			buildSettings = {
				ALWAYS_SEARCH_USER_PATHS = NO;
				CLANG_ANALYZER_NONNULL = YES;
				CLANG_ANALYZER_NUMBER_OBJECT_CONVERSION = YES_AGGRESSIVE;
				CLANG_CXX_LANGUAGE_STANDARD = "gnu++14";
				CLANG_CXX_LIBRARY = "libc++";
				CLANG_ENABLE_MODULES = YES;
				CLANG_ENABLE_OBJC_ARC = YES;
				CLANG_ENABLE_OBJC_WEAK = YES;
				CLANG_WARN_BLOCK_CAPTURE_AUTORELEASING = YES;
				CLANG_WARN_BOOL_CONVERSION = YES;
				CLANG_WARN_COMMA = YES;
				CLANG_WARN_CONSTANT_CONVERSION = YES;
				CLANG_WARN_DEPRECATED_OBJC_IMPLEMENTATIONS = YES;
				CLANG_WARN_DIRECT_OBJC_ISA_USAGE = YES_ERROR;
				CLANG_WARN_DOCUMENTATION_COMMENTS = YES;
				CLANG_WARN_EMPTY_BODY = YES;
				CLANG_WARN_ENUM_CONVERSION = YES;
				CLANG_WARN_INFINITE_RECURSION = YES;
				CLANG_WARN_INT_CONVERSION = YES;
				CLANG_WARN_NON_LITERAL_NULL_CONVERSION = YES;
				CLANG_WARN_OBJC_IMPLICIT_RETAIN_SELF = YES;
				CLANG_WARN_OBJC_LITERAL_CONVERSION = YES;
				CLANG_WARN_OBJC_ROOT_CLASS = YES_ERROR;
				CLANG_WARN_RANGE_LOOP_ANALYSIS = YES;
				CLANG_WARN_STRICT_PROTOTYPES = YES;
				CLANG_WARN_SUSPICIOUS_MOVE = YES;
				CLANG_WARN_UNGUARDED_AVAILABILITY = YES_AGGRESSIVE;
				CLANG_WARN_UNREACHABLE_CODE = YES;
				CLANG_WARN__DUPLICATE_METHOD_MATCH = YES;
				CODE_SIGN_IDENTITY = "iPhone Developer";
				COPY_PHASE_STRIP = NO;
				DEBUG_INFORMATION_FORMAT = "dwarf-with-dsym";
				ENABLE_NS_ASSERTIONS = NO;
				ENABLE_STRICT_OBJC_MSGSEND = YES;
				GCC_C_LANGUAGE_STANDARD = gnu11;
				GCC_NO_COMMON_BLOCKS = YES;
				GCC_WARN_64_TO_32_BIT_CONVERSION = YES;
				GCC_WARN_ABOUT_RETURN_TYPE = YES_ERROR;
				GCC_WARN_UNDECLARED_SELECTOR = YES;
				GCC_WARN_UNINITIALIZED_AUTOS = YES_AGGRESSIVE;
				GCC_WARN_UNUSED_FUNCTION = YES;
				GCC_WARN_UNUSED_VARIABLE = YES;
				IPHONEOS_DEPLOYMENT_TARGET = 11.3;
				MTL_ENABLE_DEBUG_INFO = NO;
				SDKROOT = iphoneos;
				VALIDATE_PRODUCT = YES;
			};
			name = Release;
		};
		961CFE6E20A9CD8C005737AC /* Debug */ = {
			isa = XCBuildConfiguration;
			buildSettings = {
				ASSETCATALOG_COMPILER_APPICON_NAME = AppIcon;
				CODE_SIGN_STYLE = Automatic;
				DEVELOPMENT_TEAM = KPJVYXL9VV;
				INFOPLIST_FILE = XLGCategoryDemo/Info.plist;
				LD_RUNPATH_SEARCH_PATHS = (
					"$(inherited)",
					"@executable_path/Frameworks",
				);
				PRODUCT_BUNDLE_IDENTIFIER = com.xlgcx.XLGCategoryDemo;
				PRODUCT_NAME = "$(TARGET_NAME)";
				TARGETED_DEVICE_FAMILY = "1,2";
			};
			name = Debug;
		};
		961CFE6F20A9CD8C005737AC /* Release */ = {
			isa = XCBuildConfiguration;
			buildSettings = {
				ASSETCATALOG_COMPILER_APPICON_NAME = AppIcon;
				CODE_SIGN_STYLE = Automatic;
				DEVELOPMENT_TEAM = KPJVYXL9VV;
				INFOPLIST_FILE = XLGCategoryDemo/Info.plist;
				LD_RUNPATH_SEARCH_PATHS = (
					"$(inherited)",
					"@executable_path/Frameworks",
				);
				PRODUCT_BUNDLE_IDENTIFIER = com.xlgcx.XLGCategoryDemo;
				PRODUCT_NAME = "$(TARGET_NAME)";
				TARGETED_DEVICE_FAMILY = "1,2";
			};
			name = Release;
		};
/* End XCBuildConfiguration section */

/* Begin XCConfigurationList section */
		961CFE5220A9CD8B005737AC /* Build configuration list for PBXProject "XLGCategoryDemo" */ = {
			isa = XCConfigurationList;
			buildConfigurations = (
				961CFE6B20A9CD8C005737AC /* Debug */,
				961CFE6C20A9CD8C005737AC /* Release */,
			);
			defaultConfigurationIsVisible = 0;
			defaultConfigurationName = Release;
		};
		961CFE6D20A9CD8C005737AC /* Build configuration list for PBXNativeTarget "XLGCategoryDemo" */ = {
			isa = XCConfigurationList;
			buildConfigurations = (
				961CFE6E20A9CD8C005737AC /* Debug */,
				961CFE6F20A9CD8C005737AC /* Release */,
			);
			defaultConfigurationIsVisible = 0;
			defaultConfigurationName = Release;
		};
/* End XCConfigurationList section */
	};
	rootObject = 961CFE4F20A9CD8B005737AC /* Project object */;
}
